
Microsoft Visual Studio Solution File, Format Version 12.00
# Visual Studio Version 16
VisualStudioVersion = 16.0.29020.237
MinimumVisualStudioVersion = 10.0.40219.1
Project("{9A19103F-16F7-4668-BE54-9A1E7A4F7556}") = "Platform.Disposables", "Platform.Disposables.csproj", "{23D48511-6B32-4412-98EE-8AFC8980D3D7}"
EndProject
Global
	GlobalSection(SolutionConfigurationPlatforms) = preSolution
		Debug|Any CPU = Debug|Any CPU
		Release|Any CPU = Release|Any CPU
	EndGlobalSection
	GlobalSection(ProjectConfigurationPlatforms) = postSolution
		{23D48511-6B32-4412-98EE-8AFC8980D3D7}.Debug|Any CPU.ActiveCfg = Debug|Any CPU
		{23D48511-6B32-4412-98EE-8AFC8980D3D7}.Debug|Any CPU.Build.0 = Debug|Any CPU
		{23D48511-6B32-4412-98EE-8AFC8980D3D7}.Release|Any CPU.ActiveCfg = Release|Any CPU
		{23D48511-6B32-4412-98EE-8AFC8980D3D7}.Release|Any CPU.Build.0 = Release|Any CPU
	EndGlobalSection
	GlobalSection(SolutionProperties) = preSolution
		HideSolutionNode = FALSE
	EndGlobalSection
	GlobalSection(ExtensibilityGlobals) = postSolution
		SolutionGuid = {1DFA6869-D89C-49C1-BAB5-E1589BBB3CE5}
	EndGlobalSection
EndGlobal
