
Microsoft Visual Studio Solution File, Format Version 12.00
# Visual Studio Version 16
VisualStudioVersion = 16.0.29020.237
MinimumVisualStudioVersion = 10.0.40219.1
Project("{9A19103F-16F7-4668-BE54-9A1E7A4F7556}") = "Platform.Disposables", "csharp\Platform.Disposables\Platform.Disposables.csproj", "{D4B75DCB-FABD-48D1-8BB3-3943F683278B}"
EndProject
Project("{9A19103F-16F7-4668-BE54-9A1E7A4F7556}") = "Platform.Disposables.Tests", "csharp\Platform.Disposables.Tests\Platform.Disposables.Tests.csproj", "{D555B4F5-A565-4B85-9EA6-7108C0E4B2C1}"
EndProject
Project("{9A19103F-16F7-4668-BE54-9A1E7A4F7556}") = "Platform.Disposables.Tests.DisposalOrderTest", "csharp\Platform.Disposables.Tests.DisposalOrderTest\Platform.Disposables.Tests.DisposalOrderTest.csproj", "{7A56B315-42A0-4B19-A3A1-38D47844C99E}"
EndProject
Global
	GlobalSection(SolutionConfigurationPlatforms) = preSolution
		Debug|Any CPU = Debug|Any CPU
		Release|Any CPU = Release|Any CPU
	EndGlobalSection
	GlobalSection(ProjectConfigurationPlatforms) = postSolution
		{D4B75DCB-FABD-48D1-8BB3-3943F683278B}.Debug|Any CPU.ActiveCfg = Debug|Any CPU
		{D4B75DCB-FABD-48D1-8BB3-3943F683278B}.Debug|Any CPU.Build.0 = Debug|Any CPU
		{D4B75DCB-FABD-48D1-8BB3-3943F683278B}.Release|Any CPU.ActiveCfg = Release|Any CPU
		{D4B75DCB-FABD-48D1-8BB3-3943F683278B}.Release|Any CPU.Build.0 = Release|Any CPU
		{D555B4F5-A565-4B85-9EA6-7108C0E4B2C1}.Debug|Any CPU.ActiveCfg = Debug|Any CPU
		{D555B4F5-A565-4B85-9EA6-7108C0E4B2C1}.Debug|Any CPU.Build.0 = Debug|Any CPU
		{D555B4F5-A565-4B85-9EA6-7108C0E4B2C1}.Release|Any CPU.ActiveCfg = Release|Any CPU
		{D555B4F5-A565-4B85-9EA6-7108C0E4B2C1}.Release|Any CPU.Build.0 = Release|Any CPU
		{7A56B315-42A0-4B19-A3A1-38D47844C99E}.Debug|Any CPU.ActiveCfg = Debug|Any CPU
		{7A56B315-42A0-4B19-A3A1-38D47844C99E}.Debug|Any CPU.Build.0 = Debug|Any CPU
		{7A56B315-42A0-4B19-A3A1-38D47844C99E}.Release|Any CPU.ActiveCfg = Release|Any CPU
		{7A56B315-42A0-4B19-A3A1-38D47844C99E}.Release|Any CPU.Build.0 = Release|Any CPU
	EndGlobalSection
	GlobalSection(SolutionProperties) = preSolution
		HideSolutionNode = FALSE
	EndGlobalSection
	GlobalSection(ExtensibilityGlobals) = postSolution
		SolutionGuid = {1DFA6869-D89C-49C1-BAB5-E1589BBB3CE5}
	EndGlobalSection
EndGlobal
